GEM
  remote: https://rubygems.org/
  specs:
    ffi (1.17.4)
    ffi (1.17.4-arm64-darwin)
    gosu (1.4.6)

PLATFORMS
  arm64-darwin-25
  ruby

DEPENDENCIES
  ffi (~> 1.17)
  gosu (~> 1.4)

CHECKSUMS
  ffi (1.17.4) sha256=bcd1642e06f0d16fc9e09ac6d49c3a7298b9789bcb58127302f934e437d60acf
  ffi (1.17.4-arm64-darwin) sha256=19071aaf1419251b0a46852abf960e77330a3b334d13a4ab51d58b31a937001b
  gosu (1.4.6) sha256=80c7fa48cf61f4960ef067fdd1c000d98b4adc8e11faeaa486543d00908a5c15

BUNDLED WITH
  4.0.10
